
Microsoft Visual Studio Solution File, Format Version 12.00
# Visual Studio Express 2013 for Windows Desktop
VisualStudioVersion = 12.0.31101.0
MinimumVisualStudioVersion = 10.0.40219.1
Project("{FAE04EC0-301F-11D3-BF4B-00C04F79EFBC}") = "SimpleArgs", "SimpleArgs\SimpleArgs.csproj", "{CAF13CE4-6FF9-4DB9-B413-43E0610F5692}"
EndProject
Project("{FAE04EC0-301F-11D3-BF4B-00C04F79EFBC}") = "Examples", "Examples\Examples.csproj", "{53B53DA8-FD98-41F0-9961-289786F8553A}"
EndProject
Global
	GlobalSection(SolutionConfigurationPlatforms) = preSolution
		Debug|Any CPU = Debug|Any CPU
		Release|Any CPU = Release|Any CPU
	EndGlobalSection
	GlobalSection(ProjectConfigurationPlatforms) = postSolution
		{CAF13CE4-6FF9-4DB9-B413-43E0610F5692}.Debug|Any CPU.ActiveCfg = Debug|Any CPU
		{CAF13CE4-6FF9-4DB9-B413-43E0610F5692}.Debug|Any CPU.Build.0 = Debug|Any CPU
		{CAF13CE4-6FF9-4DB9-B413-43E0610F5692}.Release|Any CPU.ActiveCfg = Release|Any CPU
		{CAF13CE4-6FF9-4DB9-B413-43E0610F5692}.Release|Any CPU.Build.0 = Release|Any CPU
		{53B53DA8-FD98-41F0-9961-289786F8553A}.Debug|Any CPU.ActiveCfg = Debug|Any CPU
		{53B53DA8-FD98-41F0-9961-289786F8553A}.Debug|Any CPU.Build.0 = Debug|Any CPU
		{53B53DA8-FD98-41F0-9961-289786F8553A}.Release|Any CPU.ActiveCfg = Release|Any CPU
		{53B53DA8-FD98-41F0-9961-289786F8553A}.Release|Any CPU.Build.0 = Release|Any CPU
	EndGlobalSection
	GlobalSection(SolutionProperties) = preSolution
		HideSolutionNode = FALSE
	EndGlobalSection
EndGlobal
